<?xml version="1.0" encoding="utf-8"?>
<Project ToolsVersion="4.0" xmlns="http://schemas.microsoft.com/developer/msbuild/2003">
  <ItemGroup>
    <Filter Include="Source Files">
      <UniqueIdentifier>{6c5812a7-1814-4590-acbd-3a4907aafb93}</UniqueIdentifier>
      <Extensions>cpp;cxx;c</Extensions>
    </Filter>
    <Filter Include="Header Files">
      <UniqueIdentifier>{c1e3c9bd-607f-4b4d-9f50-a68b6d86110a}</UniqueIdentifier>
      <Extensions>hpp;h</Extensions>
    </Filter>
  </ItemGroup>
  <ItemGroup>
    <None Include="ReadMe.txt" />
    <None Include="resources\fonts\arial.fnt" />
    <None Include="resources\shaders\StaticFW_Pixel.glsl" />
    <None Include="resources\shaders\StaticFW_Vertex.glsl" />
    <None Include="resources\images\bg.png" />
    <None Include="resources\images\softblue.png" />
    <None Include="resources\images\softred.png" />
  </ItemGroup>
  <ItemGroup>
    <ClInclude Include="include\AIE.h">
      <Filter>Header Files</Filter>
    </ClInclude>
    <ClInclude Include="include\shootup.h">
      <Filter>Header Files</Filter>
    </ClInclude>
    <ClInclude Include="include\vector2.h">
      <Filter>Header Files</Filter>
    </ClInclude>
    <ClInclude Include="include\movableObject.h">
      <Filter>Header Files</Filter>
    </ClInclude>
    <ClInclude Include="include\bullets.h">
      <Filter>Header Files</Filter>
    </ClInclude>
    <ClInclude Include="include\gameStates.h">
      <Filter>Header Files</Filter>
    </ClInclude>
    <ClInclude Include="include\highScores.h">
      <Filter>Header Files</Filter>
    </ClInclude>
    <ClInclude Include="include\collision.h">
      <Filter>Header Files</Filter>
    </ClInclude>
  </ItemGroup>
  <ItemGroup>
    <ClCompile Include="source\shootup.cpp">
      <Filter>Source Files</Filter>
    </ClCompile>
    <ClCompile Include="source\main.cpp">
      <Filter>Source Files</Filter>
    </ClCompile>
    <ClCompile Include="source\highScores.cpp">
      <Filter>Source Files</Filter>
    </ClCompile>
    <ClCompile Include="source\collision.cpp">
      <Filter>Source Files</Filter>
    </ClCompile>
  </ItemGroup>
</Project>